{
  "projects": [
    {
      "projectId": "jkU633o1Cz7HrJdwdxhVHk",
      "version": "16.8.0",
      "dependencies": {},
      "lang": "ts",
      "fileLocks": [
        {
          "assetId": "jkU633o1Cz7HrJdwdxhVHk",
          "type": "projectCss",
          "checksum": "0581d4378bb1604bb5fe3f65bb0a37de"
        }
      ],
      "codegenVersion": "0.0.1"
    },
    {
      "projectId": "ohDidvG9XsCeFumugENU3J",
      "version": "6.21.0",
      "dependencies": {},
      "lang": "ts",
      "fileLocks": [
        {
          "assetId": "ohDidvG9XsCeFumugENU3J",
          "type": "projectCss",
          "checksum": "fd83b730367fdbde2c69bc6cf31c2a3c"
        },
        {
          "assetId": "ohDidvG9XsCeFumugENU3J",
          "checksum": "de0a0e65174a6a185a8f822af51c6bdd",
          "type": "globalContexts"
        }
      ],
      "codegenVersion": "0.0.1"
    },
    {
      "projectId": "r5Q4Z1cxFkCcTJmiuBHM4s",
      "version": "latest",
      "dependencies": {
        "ohDidvG9XsCeFumugENU3J": "6.21.0",
        "jkU633o1Cz7HrJdwdxhVHk": "16.8.0",
        "7nJ7UcFmq9UzB6eXfC5z4a": "0.26.0",
        "3m3vFk1dnCzZnwT8k489Jy": "0.1.0",
        "r3ASNrnyvLLLAtDvzUioQ": "4.3.0"
      },
      "lang": "ts",
      "fileLocks": [
        {
          "type": "globalVariant",
          "assetId": "4krsLKo_Ckec",
          "checksum": "782cca22f2a1a9cf8d07c9873a39af42"
        },
        {
          "assetId": "r5Q4Z1cxFkCcTJmiuBHM4s",
          "checksum": "00b2c70aff3f022ab375e5e7b36d15fc",
          "type": "globalContexts"
        },
        {
          "type": "renderModule",
          "assetId": "cTtvcxMxKXL7",
          "checksum": "91d75fc533c80ab4aab27c1545dff6ed"
        },
        {
          "type": "cssRules",
          "assetId": "cTtvcxMxKXL7",
          "checksum": "91d75fc533c80ab4aab27c1545dff6ed"
        },
        {
          "type": "renderModule",
          "assetId": "L9J39x6OJe4i",
          "checksum": "7a3aa82fd97bea2eb0b0faf9cccef47e"
        },
        {
          "type": "cssRules",
          "assetId": "L9J39x6OJe4i",
          "checksum": "7a3aa82fd97bea2eb0b0faf9cccef47e"
        },
        {
          "type": "renderModule",
          "assetId": "vUqIgiqOfSKO",
          "checksum": "3d8c4cb2e097e5181537bf32c9ffd712"
        },
        {
          "type": "cssRules",
          "assetId": "vUqIgiqOfSKO",
          "checksum": "3d8c4cb2e097e5181537bf32c9ffd712"
        },
        {
          "type": "icon",
          "assetId": "9OcZEOS6XKco",
          "checksum": "a80f6491184add3c34bcd3d70c4cad01"
        },
        {
          "type": "icon",
          "assetId": "f30sqqHn8JbB",
          "checksum": "a5a4eee5ed99452e719c701cc5b44edf"
        },
        {
          "type": "icon",
          "assetId": "rx8PB0YDgyof",
          "checksum": "92853337a24979eaa73626d7964972bd"
        },
        {
          "type": "icon",
          "assetId": "B3pJBuWdbtan",
          "checksum": "8537c229b790292d26d84c6154e83af7"
        },
        {
          "type": "icon",
          "assetId": "-QJg3kyDQ7GD",
          "checksum": "7b65639a9169f7a10d222171872b8ed2"
        },
        {
          "type": "icon",
          "assetId": "t4JoKZu8A6xe",
          "checksum": "98ce4f15913e24219023feb6a973adcf"
        },
        {
          "type": "icon",
          "assetId": "RI8S1pXwZdq5",
          "checksum": "8b32e9b246e2a3e7349ae7c83223f53e"
        },
        {
          "type": "icon",
          "assetId": "LzGrREkdru70",
          "checksum": "10a28847a7ec6c5aa653cbae34ddcfe3"
        },
        {
          "type": "icon",
          "assetId": "eVEwu8Je0Nmo",
          "checksum": "8e0b37faedfbec66f72309728160f836"
        },
        {
          "type": "icon",
          "assetId": "KZj1ZHPQ5Ekf",
          "checksum": "0467d2daa7f1e797dfaf8949dedabdb8"
        },
        {
          "type": "icon",
          "assetId": "CUcHhZbW7M8B",
          "checksum": "43f34e96b7bf8f7a32277f1d668d6324"
        },
        {
          "type": "icon",
          "assetId": "8pp5pY4_QvML",
          "checksum": "5c924df77536b2afbd35f1b526b59b31"
        },
        {
          "type": "image",
          "assetId": "zE8oSFv5eMfZ",
          "checksum": "0f41cad9395ff2f42ce2659fbc96b386"
        },
        {
          "type": "image",
          "assetId": "1l6K783WZ7OE",
          "checksum": "d9a560814987cd4b16cedc65b578c4d9"
        },
        {
          "type": "renderModule",
          "assetId": "gtns0qBMJgSa",
          "checksum": "31efe6131dda7b0a496db9b89df5787f"
        },
        {
          "type": "cssRules",
          "assetId": "gtns0qBMJgSa",
          "checksum": "31efe6131dda7b0a496db9b89df5787f"
        },
        {
          "type": "renderModule",
          "assetId": "4JyA3B_zN86t",
          "checksum": "ae539f1bf2c6e8d79b75cde9a114ee88"
        },
        {
          "type": "cssRules",
          "assetId": "4JyA3B_zN86t",
          "checksum": "ae539f1bf2c6e8d79b75cde9a114ee88"
        },
        {
          "type": "renderModule",
          "assetId": "i_OgCxFjvmDC",
          "checksum": "cc4b948943fa091a69beecdbdba708cc"
        },
        {
          "type": "cssRules",
          "assetId": "i_OgCxFjvmDC",
          "checksum": "cc4b948943fa091a69beecdbdba708cc"
        },
        {
          "type": "icon",
          "assetId": "FMq-BDCyCrJ_",
          "checksum": "2ea29b92a0f098792c05993d9427f2a5"
        },
        {
          "type": "icon",
          "assetId": "AAekp5tPCkr9",
          "checksum": "3519997b6a9e5b6efecff5013ab2418f"
        },
        {
          "type": "icon",
          "assetId": "tMyhbkDSzlle",
          "checksum": "333669b3c02ce515f2089e2678b2b24d"
        },
        {
          "type": "icon",
          "assetId": "UroXee_yw1o3",
          "checksum": "612eb4fc8c6679706de7f24bcb6be242"
        },
        {
          "type": "image",
          "assetId": "1Skwz0v_nfRa",
          "checksum": "435ca8ea775e26bd6bcd8e874fc550be"
        },
        {
          "type": "image",
          "assetId": "XEXrvbQCXyFU",
          "checksum": "e6e467016e520a8a0f12180040b7efa5"
        },
        {
          "type": "image",
          "assetId": "XmlJlXvgJyTK",
          "checksum": "c99bf1f9545fb1bb2f51ee805a514415"
        },
        {
          "type": "image",
          "assetId": "13Yh3FZOED-W",
          "checksum": "7e5b93ddac16737cc720169b15126b91"
        },
        {
          "type": "image",
          "assetId": "nZ5KngWqr7Mh",
          "checksum": "6f58ec90cb8e2768a3f28069417760d9"
        },
        {
          "type": "image",
          "assetId": "mNWthjMzG_Qj",
          "checksum": "d09ccd8618dcea3982203feab512c7e9"
        },
        {
          "type": "image",
          "assetId": "NncU_QaDj0DN",
          "checksum": "0e1b363156992beeb7771af3c2121b56"
        },
        {
          "type": "image",
          "assetId": "k8PyH4o-4jTf",
          "checksum": "b8e477e1506601d4f2c82e17026b6159"
        },
        {
          "type": "image",
          "assetId": "xjf-0e6oQBUO",
          "checksum": "8e77a6f26556526f6cc41fe60dd848b0"
        },
        {
          "type": "image",
          "assetId": "ytmEyV1Y6c7h",
          "checksum": "d8b800d182836dfa81394e11dd9a2d87"
        },
        {
          "type": "image",
          "assetId": "V2qSecgoWYa7",
          "checksum": "fe0a77c3a2758c9236a48946c3e28406"
        },
        {
          "type": "image",
          "assetId": "juUK1DXLj828",
          "checksum": "b4c981b569925c02b880244792a4041f"
        },
        {
          "type": "image",
          "assetId": "IuRKJgQGz1Fs",
          "checksum": "532aeb2ebe32acc19f3976bb4938a2d5"
        },
        {
          "type": "image",
          "assetId": "W6WOBtbhdY_u",
          "checksum": "0bf50aa5e24e91157e1eee6bfb9392cd"
        },
        {
          "type": "image",
          "assetId": "vdiFDxzPHd1Y",
          "checksum": "6eb6f219f21b4ea2ed571730f1b47d99"
        },
        {
          "type": "image",
          "assetId": "IKpzfWyj690t",
          "checksum": "b203a046d396cfe9f7e2ae856ed0d064"
        },
        {
          "type": "image",
          "assetId": "169bAVn9MZ-_",
          "checksum": "49b1c4e6d5de7e681c3d02a68975888c"
        },
        {
          "type": "image",
          "assetId": "fQbmfcDIrQ9y",
          "checksum": "99e1e1bf9dcabd7849323898715a0e20"
        },
        {
          "type": "image",
          "assetId": "1nI-a13pVejO",
          "checksum": "aa7de34848928f3551538a7be32d24f9"
        },
        {
          "type": "image",
          "assetId": "tuU1O6Y7P8sp",
          "checksum": "a39b73000ef42654e7ba761997c2729f"
        },
        {
          "type": "image",
          "assetId": "XoQ9sj5fQ23o",
          "checksum": "1478ff48a6842a89a8a335ca32d69501"
        },
        {
          "type": "image",
          "assetId": "6-ofbYaOb7G6",
          "checksum": "dfc60f2d3541d2ee6fc044291a87414f"
        },
        {
          "type": "image",
          "assetId": "stMB6rik_jB7",
          "checksum": "4df2c33d7df8a231098f4e8ee38c4e21"
        },
        {
          "type": "image",
          "assetId": "LIEruxTvRwoV",
          "checksum": "94201cbbcb65f004b37a68f953d80b52"
        },
        {
          "type": "image",
          "assetId": "_SkTk8k-z1Dk",
          "checksum": "e5ba280fe944e46bcc3048ef22fc7c87"
        },
        {
          "type": "image",
          "assetId": "QxEIQT_nRVfh",
          "checksum": "a3f7c6589a48e3d7a98aef686e5b4fe3"
        },
        {
          "type": "image",
          "assetId": "a1V23hQnyWzP",
          "checksum": "a862d02fdf02410f93ae2bbd0da96cec"
        },
        {
          "type": "image",
          "assetId": "MCyuIndPbM0x",
          "checksum": "5d99ceac9ea68baa0ddfafdc365f273f"
        },
        {
          "type": "renderModule",
          "assetId": "dw_LyFeoAAxt",
          "checksum": "9d5065f7a8a0b004dade35187594e163"
        },
        {
          "type": "cssRules",
          "assetId": "dw_LyFeoAAxt",
          "checksum": "9d5065f7a8a0b004dade35187594e163"
        },
        {
          "type": "image",
          "assetId": "4bAe1yDduZB_",
          "checksum": "a842231896bccb2764683e29d575676c"
        },
        {
          "type": "image",
          "assetId": "LnsziEIrojZ0",
          "checksum": "a0d5a3a00929a6d1b94559e2a704dd92"
        },
        {
          "type": "renderModule",
          "assetId": "yn3h3UAxym5Z",
          "checksum": "44d00fb1c230472c8914aa4a2dc66ea6"
        },
        {
          "type": "cssRules",
          "assetId": "yn3h3UAxym5Z",
          "checksum": "44d00fb1c230472c8914aa4a2dc66ea6"
        },
        {
          "type": "renderModule",
          "assetId": "mbDm9ujM0qQ4",
          "checksum": "50654a8702cc140f34ee9ecc6be5fe7d"
        },
        {
          "type": "cssRules",
          "assetId": "mbDm9ujM0qQ4",
          "checksum": "50654a8702cc140f34ee9ecc6be5fe7d"
        },
        {
          "type": "image",
          "assetId": "OiGVq6qEmheJ",
          "checksum": "eec698348e4145496af9cf8841f79725"
        },
        {
          "type": "image",
          "assetId": "GJY-AtsShWM6",
          "checksum": "11d9b4428415b14a08fe1b05c415c12a"
        },
        {
          "type": "renderModule",
          "assetId": "dTi0r2lLSQ3-",
          "checksum": "bbf28e34af01c704d13801b12b95347d"
        },
        {
          "type": "cssRules",
          "assetId": "dTi0r2lLSQ3-",
          "checksum": "bbf28e34af01c704d13801b12b95347d"
        },
        {
          "type": "renderModule",
          "assetId": "2OvNSJ1PfNk1",
          "checksum": "b9315d57de9ad902068036bded178fe8"
        },
        {
          "type": "cssRules",
          "assetId": "2OvNSJ1PfNk1",
          "checksum": "b9315d57de9ad902068036bded178fe8"
        },
        {
          "type": "icon",
          "assetId": "PsKbbUtxgSh9",
          "checksum": "e60a92c596d0d11a19c0c1f11f67f2cb"
        },
        {
          "type": "icon",
          "assetId": "8VGTKoro3YCr",
          "checksum": "1b4dc8f75821a604c72c076f9096268d"
        },
        {
          "type": "icon",
          "assetId": "Ho0b78sFNGYF",
          "checksum": "837b367ce60364911e4487ee815a8320"
        },
        {
          "type": "icon",
          "assetId": "ORPaUTKWLEEB",
          "checksum": "b2448d0e666bd630220b0d789e620901"
        },
        {
          "type": "icon",
          "assetId": "5v1xQgfabsmO",
          "checksum": "3ede59b6151110599877f10afd1ec835"
        },
        {
          "type": "icon",
          "assetId": "oZXDjLwM_A1V",
          "checksum": "01825d1de14c83cc9eb5d9f68945d774"
        },
        {
          "type": "icon",
          "assetId": "InRgjZjeTlVJ",
          "checksum": "9dc4be208a3494e55486f4d9bfda519d"
        },
        {
          "type": "icon",
          "assetId": "a0gVmc8X-ip3",
          "checksum": "017f10ca534f4549e696061047cd7700"
        },
        {
          "type": "icon",
          "assetId": "HhYxLMmDPRaI",
          "checksum": "c25ff0dc4624771a0af96842904a7e17"
        },
        {
          "type": "image",
          "assetId": "9RGaiAPqUTqd",
          "checksum": "13c772c79a1f6fa4ff2c798bad5cf282"
        },
        {
          "type": "image",
          "assetId": "WId_XkqC82Kf",
          "checksum": "69dbd7b98fc28751701176e50f1090db"
        },
        {
          "type": "image",
          "assetId": "wdwIAyLWuDCe",
          "checksum": "96127132cb8631a7cdf7ff2d5df4061f"
        },
        {
          "assetId": "r5Q4Z1cxFkCcTJmiuBHM4s",
          "type": "projectCss",
          "checksum": "9a2552aef6f0d86b3a7a46b6be8b2c0e"
        },
        {
          "type": "renderModule",
          "assetId": "k811IsW6KBen",
          "checksum": "45ef03a9543b8ed040285f248d9e94ca"
        },
        {
          "type": "cssRules",
          "assetId": "k811IsW6KBen",
          "checksum": "45ef03a9543b8ed040285f248d9e94ca"
        },
        {
          "type": "image",
          "assetId": "ktp6pCw9AgcG",
          "checksum": "050884a661a7c74c402a061dc523931a"
        },
        {
          "type": "image",
          "assetId": "5CI8FNEBKQtz",
          "checksum": "b45755b38c4b1fe9db7cacbeb02eb7bf"
        },
        {
          "type": "image",
          "assetId": "4d5Ck3pgY1zp",
          "checksum": "3151923d7e1ab545a65845ca3ee19aab"
        }
      ],
      "codegenVersion": "0.0.1"
    },
    {
      "projectId": "7nJ7UcFmq9UzB6eXfC5z4a",
      "version": "0.26.0",
      "dependencies": {},
      "lang": "ts",
      "fileLocks": [
        {
          "assetId": "7nJ7UcFmq9UzB6eXfC5z4a",
          "type": "projectCss",
          "checksum": "05587b57f22f0ec8bb54543deb39762e"
        }
      ],
      "codegenVersion": "0.0.1"
    },
    {
      "projectId": "3m3vFk1dnCzZnwT8k489Jy",
      "version": "0.1.0",
      "dependencies": {},
      "lang": "ts",
      "fileLocks": [
        {
          "assetId": "3m3vFk1dnCzZnwT8k489Jy",
          "type": "projectCss",
          "checksum": "e1ec850476829c38b0f9b6d4f7ac446a"
        }
      ],
      "codegenVersion": "0.0.1"
    },
    {
      "projectId": "r3ASNrnyvLLLAtDvzUioQ",
      "version": "4.3.0",
      "dependencies": {},
      "lang": "ts",
      "fileLocks": [
        {
          "assetId": "r3ASNrnyvLLLAtDvzUioQ",
          "type": "projectCss",
          "checksum": "e1ec850476829c38b0f9b6d4f7ac446a"
        }
      ],
      "codegenVersion": "0.0.1"
    }
  ],
  "cliVersion": "0.1.327"
}
